
Microsoft Visual Studio Solution File, Format Version 12.00
# Visual Studio 15
VisualStudioVersion = 15.0.26730.8
MinimumVisualStudioVersion = 10.0.40219.1
Project("{FAE04EC0-301F-11D3-BF4B-00C04F79EFBC}") = "DeviceSensors", "DeviceSensors\DeviceSensors.csproj", "{67F9D3A8-F71E-4428-913F-C37AE82CDB24}"
EndProject
Project("{FAE04EC0-301F-11D3-BF4B-00C04F79EFBC}") = "DeviceSensors.iOS", "DeviceSensors.iOS\DeviceSensors.iOS.csproj", "{CD42CEC3-CD66-49F9-A990-713E17F86787}"
EndProject
Project("{FAE04EC0-301F-11D3-BF4B-00C04F79EFBC}") = "DeviceSensors.Droid", "DeviceSensors.Droid\DeviceSensors.Droid.csproj", "{E49E1055-4928-474F-8173-E40E707A8BA6}"
EndProject
Project("{FAE04EC0-301F-11D3-BF4B-00C04F79EFBC}") = "DeviceSensors.UWP", "DeviceSensors.UWP\DeviceSensors.UWP.csproj", "{6D1875ED-497E-4F7F-9EE9-E0E8E97C36EE}"
EndProject
Project("{D954291E-2A0B-460D-934E-DC6B0785DB48}") = "Sample", "Sample\Sample\Sample.shproj", "{BA6A0CE8-4C3B-42AF-868A-1B290D4CBE19}"
EndProject
Project("{FAE04EC0-301F-11D3-BF4B-00C04F79EFBC}") = "Sample.Android", "Sample\Sample.Android\Sample.Android.csproj", "{7C0268B9-4EF7-4993-808B-3FE535006691}"
EndProject
Project("{FAE04EC0-301F-11D3-BF4B-00C04F79EFBC}") = "Sample.iOS", "Sample\Sample.iOS\Sample.iOS.csproj", "{A05B20B0-AE5F-4F04-8328-3375D3121EDE}"
EndProject
Project("{FAE04EC0-301F-11D3-BF4B-00C04F79EFBC}") = "Sample.UWP", "Sample\Sample.UWP\Sample.UWP.csproj", "{9B1DE2C0-9E3F-4B87-AD94-AFD8322E3364}"
EndProject
Global
	GlobalSection(SharedMSBuildProjectFiles) = preSolution
		Sample\Sample\Sample.projitems*{7c0268b9-4ef7-4993-808b-3fe535006691}*SharedItemsImports = 4
		Sample\Sample\Sample.projitems*{9b1de2c0-9e3f-4b87-ad94-afd8322e3364}*SharedItemsImports = 4
		Sample\Sample\Sample.projitems*{a05b20b0-ae5f-4f04-8328-3375d3121ede}*SharedItemsImports = 4
		Sample\Sample\Sample.projitems*{ba6a0ce8-4c3b-42af-868a-1b290d4cbe19}*SharedItemsImports = 13
	EndGlobalSection
	GlobalSection(SolutionConfigurationPlatforms) = preSolution
		Ad-Hoc|Any CPU = Ad-Hoc|Any CPU
		Ad-Hoc|ARM = Ad-Hoc|ARM
		Ad-Hoc|iPhone = Ad-Hoc|iPhone
		Ad-Hoc|iPhoneSimulator = Ad-Hoc|iPhoneSimulator
		Ad-Hoc|x64 = Ad-Hoc|x64
		Ad-Hoc|x86 = Ad-Hoc|x86
		AppStore|Any CPU = AppStore|Any CPU
		AppStore|ARM = AppStore|ARM
		AppStore|iPhone = AppStore|iPhone
		AppStore|iPhoneSimulator = AppStore|iPhoneSimulator
		AppStore|x64 = AppStore|x64
		AppStore|x86 = AppStore|x86
		Debug|Any CPU = Debug|Any CPU
		Debug|ARM = Debug|ARM
		Debug|iPhone = Debug|iPhone
		Debug|iPhoneSimulator = Debug|iPhoneSimulator
		Debug|x64 = Debug|x64
		Debug|x86 = Debug|x86
		Release|Any CPU = Release|Any CPU
		Release|ARM = Release|ARM
		Release|iPhone = Release|iPhone
		Release|iPhoneSimulator = Release|iPhoneSimulator
		Release|x64 = Release|x64
		Release|x86 = Release|x86
	EndGlobalSection
	GlobalSection(ProjectConfigurationPlatforms) = postSolution
		{67F9D3A8-F71E-4428-913F-C37AE82CDB24}.Ad-Hoc|Any CPU.ActiveCfg = Release|Any CPU
		{67F9D3A8-F71E-4428-913F-C37AE82CDB24}.Ad-Hoc|Any CPU.Build.0 = Release|Any CPU
		{67F9D3A8-F71E-4428-913F-C37AE82CDB24}.Ad-Hoc|ARM.ActiveCfg = Release|Any CPU
		{67F9D3A8-F71E-4428-913F-C37AE82CDB24}.Ad-Hoc|ARM.Build.0 = Release|Any CPU
		{67F9D3A8-F71E-4428-913F-C37AE82CDB24}.Ad-Hoc|iPhone.ActiveCfg = Release|Any CPU
		{67F9D3A8-F71E-4428-913F-C37AE82CDB24}.Ad-Hoc|iPhone.Build.0 = Release|Any CPU
		{67F9D3A8-F71E-4428-913F-C37AE82CDB24}.Ad-Hoc|iPhoneSimulator.ActiveCfg = Release|Any CPU
		{67F9D3A8-F71E-4428-913F-C37AE82CDB24}.Ad-Hoc|iPhoneSimulator.Build.0 = Release|Any CPU
		{67F9D3A8-F71E-4428-913F-C37AE82CDB24}.Ad-Hoc|x64.ActiveCfg = Release|Any CPU
		{67F9D3A8-F71E-4428-913F-C37AE82CDB24}.Ad-Hoc|x64.Build.0 = Release|Any CPU
		{67F9D3A8-F71E-4428-913F-C37AE82CDB24}.Ad-Hoc|x86.ActiveCfg = Release|Any CPU
		{67F9D3A8-F71E-4428-913F-C37AE82CDB24}.Ad-Hoc|x86.Build.0 = Release|Any CPU
		{67F9D3A8-F71E-4428-913F-C37AE82CDB24}.AppStore|Any CPU.ActiveCfg = Release|Any CPU
		{67F9D3A8-F71E-4428-913F-C37AE82CDB24}.AppStore|Any CPU.Build.0 = Release|Any CPU
		{67F9D3A8-F71E-4428-913F-C37AE82CDB24}.AppStore|ARM.ActiveCfg = Release|Any CPU
		{67F9D3A8-F71E-4428-913F-C37AE82CDB24}.AppStore|ARM.Build.0 = Release|Any CPU
		{67F9D3A8-F71E-4428-913F-C37AE82CDB24}.AppStore|iPhone.ActiveCfg = Release|Any CPU
		{67F9D3A8-F71E-4428-913F-C37AE82CDB24}.AppStore|iPhone.Build.0 = Release|Any CPU
		{67F9D3A8-F71E-4428-913F-C37AE82CDB24}.AppStore|iPhoneSimulator.ActiveCfg = Release|Any CPU
		{67F9D3A8-F71E-4428-913F-C37AE82CDB24}.AppStore|iPhoneSimulator.Build.0 = Release|Any CPU
		{67F9D3A8-F71E-4428-913F-C37AE82CDB24}.AppStore|x64.ActiveCfg = Release|Any CPU
		{67F9D3A8-F71E-4428-913F-C37AE82CDB24}.AppStore|x64.Build.0 = Release|Any CPU
		{67F9D3A8-F71E-4428-913F-C37AE82CDB24}.AppStore|x86.ActiveCfg = Release|Any CPU
		{67F9D3A8-F71E-4428-913F-C37AE82CDB24}.AppStore|x86.Build.0 = Release|Any CPU
		{67F9D3A8-F71E-4428-913F-C37AE82CDB24}.Debug|Any CPU.ActiveCfg = Debug|Any CPU
		{67F9D3A8-F71E-4428-913F-C37AE82CDB24}.Debug|Any CPU.Build.0 = Debug|Any CPU
		{67F9D3A8-F71E-4428-913F-C37AE82CDB24}.Debug|ARM.ActiveCfg = Debug|Any CPU
		{67F9D3A8-F71E-4428-913F-C37AE82CDB24}.Debug|ARM.Build.0 = Debug|Any CPU
		{67F9D3A8-F71E-4428-913F-C37AE82CDB24}.Debug|iPhone.ActiveCfg = Debug|Any CPU
		{67F9D3A8-F71E-4428-913F-C37AE82CDB24}.Debug|iPhone.Build.0 = Debug|Any CPU
		{67F9D3A8-F71E-4428-913F-C37AE82CDB24}.Debug|iPhoneSimulator.ActiveCfg = Debug|Any CPU
		{67F9D3A8-F71E-4428-913F-C37AE82CDB24}.Debug|iPhoneSimulator.Build.0 = Debug|Any CPU
		{67F9D3A8-F71E-4428-913F-C37AE82CDB24}.Debug|x64.ActiveCfg = Debug|Any CPU
		{67F9D3A8-F71E-4428-913F-C37AE82CDB24}.Debug|x64.Build.0 = Debug|Any CPU
		{67F9D3A8-F71E-4428-913F-C37AE82CDB24}.Debug|x86.ActiveCfg = Debug|Any CPU
		{67F9D3A8-F71E-4428-913F-C37AE82CDB24}.Debug|x86.Build.0 = Debug|Any CPU
		{67F9D3A8-F71E-4428-913F-C37AE82CDB24}.Release|Any CPU.ActiveCfg = Release|Any CPU
		{67F9D3A8-F71E-4428-913F-C37AE82CDB24}.Release|Any CPU.Build.0 = Release|Any CPU
		{67F9D3A8-F71E-4428-913F-C37AE82CDB24}.Release|ARM.ActiveCfg = Release|Any CPU
		{67F9D3A8-F71E-4428-913F-C37AE82CDB24}.Release|ARM.Build.0 = Release|Any CPU
		{67F9D3A8-F71E-4428-913F-C37AE82CDB24}.Release|iPhone.ActiveCfg = Release|Any CPU
		{67F9D3A8-F71E-4428-913F-C37AE82CDB24}.Release|iPhone.Build.0 = Release|Any CPU
		{67F9D3A8-F71E-4428-913F-C37AE82CDB24}.Release|iPhoneSimulator.ActiveCfg = Release|Any CPU
		{67F9D3A8-F71E-4428-913F-C37AE82CDB24}.Release|iPhoneSimulator.Build.0 = Release|Any CPU
		{67F9D3A8-F71E-4428-913F-C37AE82CDB24}.Release|x64.ActiveCfg = Release|Any CPU
		{67F9D3A8-F71E-4428-913F-C37AE82CDB24}.Release|x64.Build.0 = Release|Any CPU
		{67F9D3A8-F71E-4428-913F-C37AE82CDB24}.Release|x86.ActiveCfg = Release|Any CPU
		{67F9D3A8-F71E-4428-913F-C37AE82CDB24}.Release|x86.Build.0 = Release|Any CPU
		{CD42CEC3-CD66-49F9-A990-713E17F86787}.Ad-Hoc|Any CPU.ActiveCfg = Release|Any CPU
		{CD42CEC3-CD66-49F9-A990-713E17F86787}.Ad-Hoc|Any CPU.Build.0 = Release|Any CPU
		{CD42CEC3-CD66-49F9-A990-713E17F86787}.Ad-Hoc|ARM.ActiveCfg = Release|Any CPU
		{CD42CEC3-CD66-49F9-A990-713E17F86787}.Ad-Hoc|ARM.Build.0 = Release|Any CPU
		{CD42CEC3-CD66-49F9-A990-713E17F86787}.Ad-Hoc|iPhone.ActiveCfg = Release|Any CPU
		{CD42CEC3-CD66-49F9-A990-713E17F86787}.Ad-Hoc|iPhone.Build.0 = Release|Any CPU
		{CD42CEC3-CD66-49F9-A990-713E17F86787}.Ad-Hoc|iPhoneSimulator.ActiveCfg = Release|Any CPU
		{CD42CEC3-CD66-49F9-A990-713E17F86787}.Ad-Hoc|iPhoneSimulator.Build.0 = Release|Any CPU
		{CD42CEC3-CD66-49F9-A990-713E17F86787}.Ad-Hoc|x64.ActiveCfg = Release|Any CPU
		{CD42CEC3-CD66-49F9-A990-713E17F86787}.Ad-Hoc|x64.Build.0 = Release|Any CPU
		{CD42CEC3-CD66-49F9-A990-713E17F86787}.Ad-Hoc|x86.ActiveCfg = Release|Any CPU
		{CD42CEC3-CD66-49F9-A990-713E17F86787}.Ad-Hoc|x86.Build.0 = Release|Any CPU
		{CD42CEC3-CD66-49F9-A990-713E17F86787}.AppStore|Any CPU.ActiveCfg = Release|Any CPU
		{CD42CEC3-CD66-49F9-A990-713E17F86787}.AppStore|Any CPU.Build.0 = Release|Any CPU
		{CD42CEC3-CD66-49F9-A990-713E17F86787}.AppStore|ARM.ActiveCfg = Release|Any CPU
		{CD42CEC3-CD66-49F9-A990-713E17F86787}.AppStore|ARM.Build.0 = Release|Any CPU
		{CD42CEC3-CD66-49F9-A990-713E17F86787}.AppStore|iPhone.ActiveCfg = Release|Any CPU
		{CD42CEC3-CD66-49F9-A990-713E17F86787}.AppStore|iPhone.Build.0 = Release|Any CPU
		{CD42CEC3-CD66-49F9-A990-713E17F86787}.AppStore|iPhoneSimulator.ActiveCfg = Release|Any CPU
		{CD42CEC3-CD66-49F9-A990-713E17F86787}.AppStore|iPhoneSimulator.Build.0 = Release|Any CPU
		{CD42CEC3-CD66-49F9-A990-713E17F86787}.AppStore|x64.ActiveCfg = Release|Any CPU
		{CD42CEC3-CD66-49F9-A990-713E17F86787}.AppStore|x64.Build.0 = Release|Any CPU
		{CD42CEC3-CD66-49F9-A990-713E17F86787}.AppStore|x86.ActiveCfg = Release|Any CPU
		{CD42CEC3-CD66-49F9-A990-713E17F86787}.AppStore|x86.Build.0 = Release|Any CPU
		{CD42CEC3-CD66-49F9-A990-713E17F86787}.Debug|Any CPU.ActiveCfg = Debug|Any CPU
		{CD42CEC3-CD66-49F9-A990-713E17F86787}.Debug|Any CPU.Build.0 = Debug|Any CPU
		{CD42CEC3-CD66-49F9-A990-713E17F86787}.Debug|ARM.ActiveCfg = Debug|Any CPU
		{CD42CEC3-CD66-49F9-A990-713E17F86787}.Debug|ARM.Build.0 = Debug|Any CPU
		{CD42CEC3-CD66-49F9-A990-713E17F86787}.Debug|iPhone.ActiveCfg = Debug|Any CPU
		{CD42CEC3-CD66-49F9-A990-713E17F86787}.Debug|iPhone.Build.0 = Debug|Any CPU
		{CD42CEC3-CD66-49F9-A990-713E17F86787}.Debug|iPhoneSimulator.ActiveCfg = Debug|Any CPU
		{CD42CEC3-CD66-49F9-A990-713E17F86787}.Debug|iPhoneSimulator.Build.0 = Debug|Any CPU
		{CD42CEC3-CD66-49F9-A990-713E17F86787}.Debug|x64.ActiveCfg = Debug|Any CPU
		{CD42CEC3-CD66-49F9-A990-713E17F86787}.Debug|x64.Build.0 = Debug|Any CPU
		{CD42CEC3-CD66-49F9-A990-713E17F86787}.Debug|x86.ActiveCfg = Debug|Any CPU
		{CD42CEC3-CD66-49F9-A990-713E17F86787}.Debug|x86.Build.0 = Debug|Any CPU
		{CD42CEC3-CD66-49F9-A990-713E17F86787}.Release|Any CPU.ActiveCfg = Release|Any CPU
		{CD42CEC3-CD66-49F9-A990-713E17F86787}.Release|Any CPU.Build.0 = Release|Any CPU
		{CD42CEC3-CD66-49F9-A990-713E17F86787}.Release|ARM.ActiveCfg = Release|Any CPU
		{CD42CEC3-CD66-49F9-A990-713E17F86787}.Release|ARM.Build.0 = Release|Any CPU
		{CD42CEC3-CD66-49F9-A990-713E17F86787}.Release|iPhone.ActiveCfg = Release|Any CPU
		{CD42CEC3-CD66-49F9-A990-713E17F86787}.Release|iPhone.Build.0 = Release|Any CPU
		{CD42CEC3-CD66-49F9-A990-713E17F86787}.Release|iPhoneSimulator.ActiveCfg = Release|Any CPU
		{CD42CEC3-CD66-49F9-A990-713E17F86787}.Release|iPhoneSimulator.Build.0 = Release|Any CPU
		{CD42CEC3-CD66-49F9-A990-713E17F86787}.Release|x64.ActiveCfg = Release|Any CPU
		{CD42CEC3-CD66-49F9-A990-713E17F86787}.Release|x64.Build.0 = Release|Any CPU
		{CD42CEC3-CD66-49F9-A990-713E17F86787}.Release|x86.ActiveCfg = Release|Any CPU
		{CD42CEC3-CD66-49F9-A990-713E17F86787}.Release|x86.Build.0 = Release|Any CPU
		{E49E1055-4928-474F-8173-E40E707A8BA6}.Ad-Hoc|Any CPU.ActiveCfg = Release|Any CPU
		{E49E1055-4928-474F-8173-E40E707A8BA6}.Ad-Hoc|Any CPU.Build.0 = Release|Any CPU
		{E49E1055-4928-474F-8173-E40E707A8BA6}.Ad-Hoc|ARM.ActiveCfg = Release|Any CPU
		{E49E1055-4928-474F-8173-E40E707A8BA6}.Ad-Hoc|ARM.Build.0 = Release|Any CPU
		{E49E1055-4928-474F-8173-E40E707A8BA6}.Ad-Hoc|iPhone.ActiveCfg = Release|Any CPU
		{E49E1055-4928-474F-8173-E40E707A8BA6}.Ad-Hoc|iPhone.Build.0 = Release|Any CPU
		{E49E1055-4928-474F-8173-E40E707A8BA6}.Ad-Hoc|iPhoneSimulator.ActiveCfg = Release|Any CPU
		{E49E1055-4928-474F-8173-E40E707A8BA6}.Ad-Hoc|iPhoneSimulator.Build.0 = Release|Any CPU
		{E49E1055-4928-474F-8173-E40E707A8BA6}.Ad-Hoc|x64.ActiveCfg = Release|Any CPU
		{E49E1055-4928-474F-8173-E40E707A8BA6}.Ad-Hoc|x64.Build.0 = Release|Any CPU
		{E49E1055-4928-474F-8173-E40E707A8BA6}.Ad-Hoc|x86.ActiveCfg = Release|Any CPU
		{E49E1055-4928-474F-8173-E40E707A8BA6}.Ad-Hoc|x86.Build.0 = Release|Any CPU
		{E49E1055-4928-474F-8173-E40E707A8BA6}.AppStore|Any CPU.ActiveCfg = Release|Any CPU
		{E49E1055-4928-474F-8173-E40E707A8BA6}.AppStore|Any CPU.Build.0 = Release|Any CPU
		{E49E1055-4928-474F-8173-E40E707A8BA6}.AppStore|ARM.ActiveCfg = Release|Any CPU
		{E49E1055-4928-474F-8173-E40E707A8BA6}.AppStore|ARM.Build.0 = Release|Any CPU
		{E49E1055-4928-474F-8173-E40E707A8BA6}.AppStore|iPhone.ActiveCfg = Release|Any CPU
		{E49E1055-4928-474F-8173-E40E707A8BA6}.AppStore|iPhone.Build.0 = Release|Any CPU
		{E49E1055-4928-474F-8173-E40E707A8BA6}.AppStore|iPhoneSimulator.ActiveCfg = Release|Any CPU
		{E49E1055-4928-474F-8173-E40E707A8BA6}.AppStore|iPhoneSimulator.Build.0 = Release|Any CPU
		{E49E1055-4928-474F-8173-E40E707A8BA6}.AppStore|x64.ActiveCfg = Release|Any CPU
		{E49E1055-4928-474F-8173-E40E707A8BA6}.AppStore|x64.Build.0 = Release|Any CPU
		{E49E1055-4928-474F-8173-E40E707A8BA6}.AppStore|x86.ActiveCfg = Release|Any CPU
		{E49E1055-4928-474F-8173-E40E707A8BA6}.AppStore|x86.Build.0 = Release|Any CPU
		{E49E1055-4928-474F-8173-E40E707A8BA6}.Debug|Any CPU.ActiveCfg = Debug|Any CPU
		{E49E1055-4928-474F-8173-E40E707A8BA6}.Debug|Any CPU.Build.0 = Debug|Any CPU
		{E49E1055-4928-474F-8173-E40E707A8BA6}.Debug|ARM.ActiveCfg = Debug|Any CPU
		{E49E1055-4928-474F-8173-E40E707A8BA6}.Debug|ARM.Build.0 = Debug|Any CPU
		{E49E1055-4928-474F-8173-E40E707A8BA6}.Debug|iPhone.ActiveCfg = Debug|Any CPU
		{E49E1055-4928-474F-8173-E40E707A8BA6}.Debug|iPhone.Build.0 = Debug|Any CPU
		{E49E1055-4928-474F-8173-E40E707A8BA6}.Debug|iPhoneSimulator.ActiveCfg = Debug|Any CPU
		{E49E1055-4928-474F-8173-E40E707A8BA6}.Debug|iPhoneSimulator.Build.0 = Debug|Any CPU
		{E49E1055-4928-474F-8173-E40E707A8BA6}.Debug|x64.ActiveCfg = Debug|Any CPU
		{E49E1055-4928-474F-8173-E40E707A8BA6}.Debug|x64.Build.0 = Debug|Any CPU
		{E49E1055-4928-474F-8173-E40E707A8BA6}.Debug|x86.ActiveCfg = Debug|Any CPU
		{E49E1055-4928-474F-8173-E40E707A8BA6}.Debug|x86.Build.0 = Debug|Any CPU
		{E49E1055-4928-474F-8173-E40E707A8BA6}.Release|Any CPU.ActiveCfg = Release|Any CPU
		{E49E1055-4928-474F-8173-E40E707A8BA6}.Release|Any CPU.Build.0 = Release|Any CPU
		{E49E1055-4928-474F-8173-E40E707A8BA6}.Release|ARM.ActiveCfg = Release|Any CPU
		{E49E1055-4928-474F-8173-E40E707A8BA6}.Release|ARM.Build.0 = Release|Any CPU
		{E49E1055-4928-474F-8173-E40E707A8BA6}.Release|iPhone.ActiveCfg = Release|Any CPU
		{E49E1055-4928-474F-8173-E40E707A8BA6}.Release|iPhone.Build.0 = Release|Any CPU
		{E49E1055-4928-474F-8173-E40E707A8BA6}.Release|iPhoneSimulator.ActiveCfg = Release|Any CPU
		{E49E1055-4928-474F-8173-E40E707A8BA6}.Release|iPhoneSimulator.Build.0 = Release|Any CPU
		{E49E1055-4928-474F-8173-E40E707A8BA6}.Release|x64.ActiveCfg = Release|Any CPU
		{E49E1055-4928-474F-8173-E40E707A8BA6}.Release|x64.Build.0 = Release|Any CPU
		{E49E1055-4928-474F-8173-E40E707A8BA6}.Release|x86.ActiveCfg = Release|Any CPU
		{E49E1055-4928-474F-8173-E40E707A8BA6}.Release|x86.Build.0 = Release|Any CPU
		{6D1875ED-497E-4F7F-9EE9-E0E8E97C36EE}.Ad-Hoc|Any CPU.ActiveCfg = Release|Any CPU
		{6D1875ED-497E-4F7F-9EE9-E0E8E97C36EE}.Ad-Hoc|Any CPU.Build.0 = Release|Any CPU
		{6D1875ED-497E-4F7F-9EE9-E0E8E97C36EE}.Ad-Hoc|ARM.ActiveCfg = Release|ARM
		{6D1875ED-497E-4F7F-9EE9-E0E8E97C36EE}.Ad-Hoc|ARM.Build.0 = Release|ARM
		{6D1875ED-497E-4F7F-9EE9-E0E8E97C36EE}.Ad-Hoc|iPhone.ActiveCfg = Release|Any CPU
		{6D1875ED-497E-4F7F-9EE9-E0E8E97C36EE}.Ad-Hoc|iPhone.Build.0 = Release|Any CPU
		{6D1875ED-497E-4F7F-9EE9-E0E8E97C36EE}.Ad-Hoc|iPhoneSimulator.ActiveCfg = Release|Any CPU
		{6D1875ED-497E-4F7F-9EE9-E0E8E97C36EE}.Ad-Hoc|iPhoneSimulator.Build.0 = Release|Any CPU
		{6D1875ED-497E-4F7F-9EE9-E0E8E97C36EE}.Ad-Hoc|x64.ActiveCfg = Release|x64
		{6D1875ED-497E-4F7F-9EE9-E0E8E97C36EE}.Ad-Hoc|x64.Build.0 = Release|x64
		{6D1875ED-497E-4F7F-9EE9-E0E8E97C36EE}.Ad-Hoc|x86.ActiveCfg = Release|x86
		{6D1875ED-497E-4F7F-9EE9-E0E8E97C36EE}.Ad-Hoc|x86.Build.0 = Release|x86
		{6D1875ED-497E-4F7F-9EE9-E0E8E97C36EE}.AppStore|Any CPU.ActiveCfg = Release|Any CPU
		{6D1875ED-497E-4F7F-9EE9-E0E8E97C36EE}.AppStore|Any CPU.Build.0 = Release|Any CPU
		{6D1875ED-497E-4F7F-9EE9-E0E8E97C36EE}.AppStore|ARM.ActiveCfg = Release|ARM
		{6D1875ED-497E-4F7F-9EE9-E0E8E97C36EE}.AppStore|ARM.Build.0 = Release|ARM
		{6D1875ED-497E-4F7F-9EE9-E0E8E97C36EE}.AppStore|iPhone.ActiveCfg = Release|Any CPU
		{6D1875ED-497E-4F7F-9EE9-E0E8E97C36EE}.AppStore|iPhone.Build.0 = Release|Any CPU
		{6D1875ED-497E-4F7F-9EE9-E0E8E97C36EE}.AppStore|iPhoneSimulator.ActiveCfg = Release|Any CPU
		{6D1875ED-497E-4F7F-9EE9-E0E8E97C36EE}.AppStore|iPhoneSimulator.Build.0 = Release|Any CPU
		{6D1875ED-497E-4F7F-9EE9-E0E8E97C36EE}.AppStore|x64.ActiveCfg = Release|x64
		{6D1875ED-497E-4F7F-9EE9-E0E8E97C36EE}.AppStore|x64.Build.0 = Release|x64
		{6D1875ED-497E-4F7F-9EE9-E0E8E97C36EE}.AppStore|x86.ActiveCfg = Release|x86
		{6D1875ED-497E-4F7F-9EE9-E0E8E97C36EE}.AppStore|x86.Build.0 = Release|x86
		{6D1875ED-497E-4F7F-9EE9-E0E8E97C36EE}.Debug|Any CPU.ActiveCfg = Debug|Any CPU
		{6D1875ED-497E-4F7F-9EE9-E0E8E97C36EE}.Debug|Any CPU.Build.0 = Debug|Any CPU
		{6D1875ED-497E-4F7F-9EE9-E0E8E97C36EE}.Debug|ARM.ActiveCfg = Debug|ARM
		{6D1875ED-497E-4F7F-9EE9-E0E8E97C36EE}.Debug|ARM.Build.0 = Debug|ARM
		{6D1875ED-497E-4F7F-9EE9-E0E8E97C36EE}.Debug|iPhone.ActiveCfg = Debug|Any CPU
		{6D1875ED-497E-4F7F-9EE9-E0E8E97C36EE}.Debug|iPhone.Build.0 = Debug|Any CPU
		{6D1875ED-497E-4F7F-9EE9-E0E8E97C36EE}.Debug|iPhoneSimulator.ActiveCfg = Debug|Any CPU
		{6D1875ED-497E-4F7F-9EE9-E0E8E97C36EE}.Debug|iPhoneSimulator.Build.0 = Debug|Any CPU
		{6D1875ED-497E-4F7F-9EE9-E0E8E97C36EE}.Debug|x64.ActiveCfg = Debug|x64
		{6D1875ED-497E-4F7F-9EE9-E0E8E97C36EE}.Debug|x64.Build.0 = Debug|x64
		{6D1875ED-497E-4F7F-9EE9-E0E8E97C36EE}.Debug|x86.ActiveCfg = Debug|x86
		{6D1875ED-497E-4F7F-9EE9-E0E8E97C36EE}.Debug|x86.Build.0 = Debug|x86
		{6D1875ED-497E-4F7F-9EE9-E0E8E97C36EE}.Release|Any CPU.ActiveCfg = Release|Any CPU
		{6D1875ED-497E-4F7F-9EE9-E0E8E97C36EE}.Release|Any CPU.Build.0 = Release|Any CPU
		{6D1875ED-497E-4F7F-9EE9-E0E8E97C36EE}.Release|ARM.ActiveCfg = Release|ARM
		{6D1875ED-497E-4F7F-9EE9-E0E8E97C36EE}.Release|ARM.Build.0 = Release|ARM
		{6D1875ED-497E-4F7F-9EE9-E0E8E97C36EE}.Release|iPhone.ActiveCfg = Release|Any CPU
		{6D1875ED-497E-4F7F-9EE9-E0E8E97C36EE}.Release|iPhone.Build.0 = Release|Any CPU
		{6D1875ED-497E-4F7F-9EE9-E0E8E97C36EE}.Release|iPhoneSimulator.ActiveCfg = Release|Any CPU
		{6D1875ED-497E-4F7F-9EE9-E0E8E97C36EE}.Release|iPhoneSimulator.Build.0 = Release|Any CPU
		{6D1875ED-497E-4F7F-9EE9-E0E8E97C36EE}.Release|x64.ActiveCfg = Release|x64
		{6D1875ED-497E-4F7F-9EE9-E0E8E97C36EE}.Release|x64.Build.0 = Release|x64
		{6D1875ED-497E-4F7F-9EE9-E0E8E97C36EE}.Release|x86.ActiveCfg = Release|x86
		{6D1875ED-497E-4F7F-9EE9-E0E8E97C36EE}.Release|x86.Build.0 = Release|x86
		{7C0268B9-4EF7-4993-808B-3FE535006691}.Ad-Hoc|Any CPU.ActiveCfg = Release|Any CPU
		{7C0268B9-4EF7-4993-808B-3FE535006691}.Ad-Hoc|Any CPU.Build.0 = Release|Any CPU
		{7C0268B9-4EF7-4993-808B-3FE535006691}.Ad-Hoc|Any CPU.Deploy.0 = Release|Any CPU
		{7C0268B9-4EF7-4993-808B-3FE535006691}.Ad-Hoc|ARM.ActiveCfg = Release|Any CPU
		{7C0268B9-4EF7-4993-808B-3FE535006691}.Ad-Hoc|ARM.Build.0 = Release|Any CPU
		{7C0268B9-4EF7-4993-808B-3FE535006691}.Ad-Hoc|ARM.Deploy.0 = Release|Any CPU
		{7C0268B9-4EF7-4993-808B-3FE535006691}.Ad-Hoc|iPhone.ActiveCfg = Release|Any CPU
		{7C0268B9-4EF7-4993-808B-3FE535006691}.Ad-Hoc|iPhone.Build.0 = Release|Any CPU
		{7C0268B9-4EF7-4993-808B-3FE535006691}.Ad-Hoc|iPhone.Deploy.0 = Release|Any CPU
		{7C0268B9-4EF7-4993-808B-3FE535006691}.Ad-Hoc|iPhoneSimulator.ActiveCfg = Release|Any CPU
		{7C0268B9-4EF7-4993-808B-3FE535006691}.Ad-Hoc|iPhoneSimulator.Build.0 = Release|Any CPU
		{7C0268B9-4EF7-4993-808B-3FE535006691}.Ad-Hoc|iPhoneSimulator.Deploy.0 = Release|Any CPU
		{7C0268B9-4EF7-4993-808B-3FE535006691}.Ad-Hoc|x64.ActiveCfg = Release|Any CPU
		{7C0268B9-4EF7-4993-808B-3FE535006691}.Ad-Hoc|x64.Build.0 = Release|Any CPU
		{7C0268B9-4EF7-4993-808B-3FE535006691}.Ad-Hoc|x64.Deploy.0 = Release|Any CPU
		{7C0268B9-4EF7-4993-808B-3FE535006691}.Ad-Hoc|x86.ActiveCfg = Release|Any CPU
		{7C0268B9-4EF7-4993-808B-3FE535006691}.Ad-Hoc|x86.Build.0 = Release|Any CPU
		{7C0268B9-4EF7-4993-808B-3FE535006691}.Ad-Hoc|x86.Deploy.0 = Release|Any CPU
		{7C0268B9-4EF7-4993-808B-3FE535006691}.AppStore|Any CPU.ActiveCfg = Release|Any CPU
		{7C0268B9-4EF7-4993-808B-3FE535006691}.AppStore|Any CPU.Build.0 = Release|Any CPU
		{7C0268B9-4EF7-4993-808B-3FE535006691}.AppStore|Any CPU.Deploy.0 = Release|Any CPU
		{7C0268B9-4EF7-4993-808B-3FE535006691}.AppStore|ARM.ActiveCfg = Release|Any CPU
		{7C0268B9-4EF7-4993-808B-3FE535006691}.AppStore|ARM.Build.0 = Release|Any CPU
		{7C0268B9-4EF7-4993-808B-3FE535006691}.AppStore|ARM.Deploy.0 = Release|Any CPU
		{7C0268B9-4EF7-4993-808B-3FE535006691}.AppStore|iPhone.ActiveCfg = Release|Any CPU
		{7C0268B9-4EF7-4993-808B-3FE535006691}.AppStore|iPhone.Build.0 = Release|Any CPU
		{7C0268B9-4EF7-4993-808B-3FE535006691}.AppStore|iPhone.Deploy.0 = Release|Any CPU
		{7C0268B9-4EF7-4993-808B-3FE535006691}.AppStore|iPhoneSimulator.ActiveCfg = Release|Any CPU
		{7C0268B9-4EF7-4993-808B-3FE535006691}.AppStore|iPhoneSimulator.Build.0 = Release|Any CPU
		{7C0268B9-4EF7-4993-808B-3FE535006691}.AppStore|iPhoneSimulator.Deploy.0 = Release|Any CPU
		{7C0268B9-4EF7-4993-808B-3FE535006691}.AppStore|x64.ActiveCfg = Release|Any CPU
		{7C0268B9-4EF7-4993-808B-3FE535006691}.AppStore|x64.Build.0 = Release|Any CPU
		{7C0268B9-4EF7-4993-808B-3FE535006691}.AppStore|x64.Deploy.0 = Release|Any CPU
		{7C0268B9-4EF7-4993-808B-3FE535006691}.AppStore|x86.ActiveCfg = Release|Any CPU
		{7C0268B9-4EF7-4993-808B-3FE535006691}.AppStore|x86.Build.0 = Release|Any CPU
		{7C0268B9-4EF7-4993-808B-3FE535006691}.AppStore|x86.Deploy.0 = Release|Any CPU
		{7C0268B9-4EF7-4993-808B-3FE535006691}.Debug|Any CPU.ActiveCfg = Debug|Any CPU
		{7C0268B9-4EF7-4993-808B-3FE535006691}.Debug|Any CPU.Build.0 = Debug|Any CPU
		{7C0268B9-4EF7-4993-808B-3FE535006691}.Debug|Any CPU.Deploy.0 = Debug|Any CPU
		{7C0268B9-4EF7-4993-808B-3FE535006691}.Debug|ARM.ActiveCfg = Debug|Any CPU
		{7C0268B9-4EF7-4993-808B-3FE535006691}.Debug|ARM.Build.0 = Debug|Any CPU
		{7C0268B9-4EF7-4993-808B-3FE535006691}.Debug|ARM.Deploy.0 = Debug|Any CPU
		{7C0268B9-4EF7-4993-808B-3FE535006691}.Debug|iPhone.ActiveCfg = Debug|Any CPU
		{7C0268B9-4EF7-4993-808B-3FE535006691}.Debug|iPhone.Build.0 = Debug|Any CPU
		{7C0268B9-4EF7-4993-808B-3FE535006691}.Debug|iPhone.Deploy.0 = Debug|Any CPU
		{7C0268B9-4EF7-4993-808B-3FE535006691}.Debug|iPhoneSimulator.ActiveCfg = Debug|Any CPU
		{7C0268B9-4EF7-4993-808B-3FE535006691}.Debug|iPhoneSimulator.Build.0 = Debug|Any CPU
		{7C0268B9-4EF7-4993-808B-3FE535006691}.Debug|iPhoneSimulator.Deploy.0 = Debug|Any CPU
		{7C0268B9-4EF7-4993-808B-3FE535006691}.Debug|x64.ActiveCfg = Debug|Any CPU
		{7C0268B9-4EF7-4993-808B-3FE535006691}.Debug|x64.Build.0 = Debug|Any CPU
		{7C0268B9-4EF7-4993-808B-3FE535006691}.Debug|x64.Deploy.0 = Debug|Any CPU
		{7C0268B9-4EF7-4993-808B-3FE535006691}.Debug|x86.ActiveCfg = Debug|Any CPU
		{7C0268B9-4EF7-4993-808B-3FE535006691}.Debug|x86.Build.0 = Debug|Any CPU
		{7C0268B9-4EF7-4993-808B-3FE535006691}.Debug|x86.Deploy.0 = Debug|Any CPU
		{7C0268B9-4EF7-4993-808B-3FE535006691}.Release|Any CPU.ActiveCfg = Release|Any CPU
		{7C0268B9-4EF7-4993-808B-3FE535006691}.Release|Any CPU.Build.0 = Release|Any CPU
		{7C0268B9-4EF7-4993-808B-3FE535006691}.Release|Any CPU.Deploy.0 = Release|Any CPU
		{7C0268B9-4EF7-4993-808B-3FE535006691}.Release|ARM.ActiveCfg = Release|Any CPU
		{7C0268B9-4EF7-4993-808B-3FE535006691}.Release|ARM.Build.0 = Release|Any CPU
		{7C0268B9-4EF7-4993-808B-3FE535006691}.Release|ARM.Deploy.0 = Release|Any CPU
		{7C0268B9-4EF7-4993-808B-3FE535006691}.Release|iPhone.ActiveCfg = Release|Any CPU
		{7C0268B9-4EF7-4993-808B-3FE535006691}.Release|iPhone.Build.0 = Release|Any CPU
		{7C0268B9-4EF7-4993-808B-3FE535006691}.Release|iPhone.Deploy.0 = Release|Any CPU
		{7C0268B9-4EF7-4993-808B-3FE535006691}.Release|iPhoneSimulator.ActiveCfg = Release|Any CPU
		{7C0268B9-4EF7-4993-808B-3FE535006691}.Release|iPhoneSimulator.Build.0 = Release|Any CPU
		{7C0268B9-4EF7-4993-808B-3FE535006691}.Release|iPhoneSimulator.Deploy.0 = Release|Any CPU
		{7C0268B9-4EF7-4993-808B-3FE535006691}.Release|x64.ActiveCfg = Release|Any CPU
		{7C0268B9-4EF7-4993-808B-3FE535006691}.Release|x64.Build.0 = Release|Any CPU
		{7C0268B9-4EF7-4993-808B-3FE535006691}.Release|x64.Deploy.0 = Release|Any CPU
		{7C0268B9-4EF7-4993-808B-3FE535006691}.Release|x86.ActiveCfg = Release|Any CPU
		{7C0268B9-4EF7-4993-808B-3FE535006691}.Release|x86.Build.0 = Release|Any CPU
		{7C0268B9-4EF7-4993-808B-3FE535006691}.Release|x86.Deploy.0 = Release|Any CPU
		{A05B20B0-AE5F-4F04-8328-3375D3121EDE}.Ad-Hoc|Any CPU.ActiveCfg = Ad-Hoc|iPhone
		{A05B20B0-AE5F-4F04-8328-3375D3121EDE}.Ad-Hoc|ARM.ActiveCfg = Ad-Hoc|iPhone
		{A05B20B0-AE5F-4F04-8328-3375D3121EDE}.Ad-Hoc|iPhone.ActiveCfg = Ad-Hoc|iPhone
		{A05B20B0-AE5F-4F04-8328-3375D3121EDE}.Ad-Hoc|iPhone.Build.0 = Ad-Hoc|iPhone
		{A05B20B0-AE5F-4F04-8328-3375D3121EDE}.Ad-Hoc|iPhoneSimulator.ActiveCfg = Ad-Hoc|iPhoneSimulator
		{A05B20B0-AE5F-4F04-8328-3375D3121EDE}.Ad-Hoc|iPhoneSimulator.Build.0 = Ad-Hoc|iPhoneSimulator
		{A05B20B0-AE5F-4F04-8328-3375D3121EDE}.Ad-Hoc|x64.ActiveCfg = Ad-Hoc|iPhone
		{A05B20B0-AE5F-4F04-8328-3375D3121EDE}.Ad-Hoc|x86.ActiveCfg = Ad-Hoc|iPhone
		{A05B20B0-AE5F-4F04-8328-3375D3121EDE}.AppStore|Any CPU.ActiveCfg = AppStore|iPhone
		{A05B20B0-AE5F-4F04-8328-3375D3121EDE}.AppStore|ARM.ActiveCfg = AppStore|iPhone
		{A05B20B0-AE5F-4F04-8328-3375D3121EDE}.AppStore|iPhone.ActiveCfg = AppStore|iPhone
		{A05B20B0-AE5F-4F04-8328-3375D3121EDE}.AppStore|iPhone.Build.0 = AppStore|iPhone
		{A05B20B0-AE5F-4F04-8328-3375D3121EDE}.AppStore|iPhoneSimulator.ActiveCfg = AppStore|iPhoneSimulator
		{A05B20B0-AE5F-4F04-8328-3375D3121EDE}.AppStore|iPhoneSimulator.Build.0 = AppStore|iPhoneSimulator
		{A05B20B0-AE5F-4F04-8328-3375D3121EDE}.AppStore|x64.ActiveCfg = AppStore|iPhone
		{A05B20B0-AE5F-4F04-8328-3375D3121EDE}.AppStore|x86.ActiveCfg = AppStore|iPhone
		{A05B20B0-AE5F-4F04-8328-3375D3121EDE}.Debug|Any CPU.ActiveCfg = Debug|iPhone
		{A05B20B0-AE5F-4F04-8328-3375D3121EDE}.Debug|ARM.ActiveCfg = Debug|iPhone
		{A05B20B0-AE5F-4F04-8328-3375D3121EDE}.Debug|iPhone.ActiveCfg = Debug|iPhone
		{A05B20B0-AE5F-4F04-8328-3375D3121EDE}.Debug|iPhone.Build.0 = Debug|iPhone
		{A05B20B0-AE5F-4F04-8328-3375D3121EDE}.Debug|iPhoneSimulator.ActiveCfg = Debug|iPhoneSimulator
		{A05B20B0-AE5F-4F04-8328-3375D3121EDE}.Debug|iPhoneSimulator.Build.0 = Debug|iPhoneSimulator
		{A05B20B0-AE5F-4F04-8328-3375D3121EDE}.Debug|x64.ActiveCfg = Debug|iPhone
		{A05B20B0-AE5F-4F04-8328-3375D3121EDE}.Debug|x86.ActiveCfg = Debug|iPhone
		{A05B20B0-AE5F-4F04-8328-3375D3121EDE}.Release|Any CPU.ActiveCfg = Release|iPhone
		{A05B20B0-AE5F-4F04-8328-3375D3121EDE}.Release|ARM.ActiveCfg = Release|iPhone
		{A05B20B0-AE5F-4F04-8328-3375D3121EDE}.Release|iPhone.ActiveCfg = Release|iPhone
		{A05B20B0-AE5F-4F04-8328-3375D3121EDE}.Release|iPhone.Build.0 = Release|iPhone
		{A05B20B0-AE5F-4F04-8328-3375D3121EDE}.Release|iPhoneSimulator.ActiveCfg = Release|iPhoneSimulator
		{A05B20B0-AE5F-4F04-8328-3375D3121EDE}.Release|iPhoneSimulator.Build.0 = Release|iPhoneSimulator
		{A05B20B0-AE5F-4F04-8328-3375D3121EDE}.Release|x64.ActiveCfg = Release|iPhone
		{A05B20B0-AE5F-4F04-8328-3375D3121EDE}.Release|x86.ActiveCfg = Release|iPhone
		{9B1DE2C0-9E3F-4B87-AD94-AFD8322E3364}.Ad-Hoc|Any CPU.ActiveCfg = Release|x86
		{9B1DE2C0-9E3F-4B87-AD94-AFD8322E3364}.Ad-Hoc|Any CPU.Build.0 = Release|x86
		{9B1DE2C0-9E3F-4B87-AD94-AFD8322E3364}.Ad-Hoc|Any CPU.Deploy.0 = Release|x86
		{9B1DE2C0-9E3F-4B87-AD94-AFD8322E3364}.Ad-Hoc|ARM.ActiveCfg = Release|ARM
		{9B1DE2C0-9E3F-4B87-AD94-AFD8322E3364}.Ad-Hoc|ARM.Build.0 = Release|ARM
		{9B1DE2C0-9E3F-4B87-AD94-AFD8322E3364}.Ad-Hoc|ARM.Deploy.0 = Release|ARM
		{9B1DE2C0-9E3F-4B87-AD94-AFD8322E3364}.Ad-Hoc|iPhone.ActiveCfg = Release|x86
		{9B1DE2C0-9E3F-4B87-AD94-AFD8322E3364}.Ad-Hoc|iPhone.Build.0 = Release|x86
		{9B1DE2C0-9E3F-4B87-AD94-AFD8322E3364}.Ad-Hoc|iPhone.Deploy.0 = Release|x86
		{9B1DE2C0-9E3F-4B87-AD94-AFD8322E3364}.Ad-Hoc|iPhoneSimulator.ActiveCfg = Release|x86
		{9B1DE2C0-9E3F-4B87-AD94-AFD8322E3364}.Ad-Hoc|iPhoneSimulator.Build.0 = Release|x86
		{9B1DE2C0-9E3F-4B87-AD94-AFD8322E3364}.Ad-Hoc|iPhoneSimulator.Deploy.0 = Release|x86
		{9B1DE2C0-9E3F-4B87-AD94-AFD8322E3364}.Ad-Hoc|x64.ActiveCfg = Release|x64
		{9B1DE2C0-9E3F-4B87-AD94-AFD8322E3364}.Ad-Hoc|x64.Build.0 = Release|x64
		{9B1DE2C0-9E3F-4B87-AD94-AFD8322E3364}.Ad-Hoc|x64.Deploy.0 = Release|x64
		{9B1DE2C0-9E3F-4B87-AD94-AFD8322E3364}.Ad-Hoc|x86.ActiveCfg = Release|x86
		{9B1DE2C0-9E3F-4B87-AD94-AFD8322E3364}.Ad-Hoc|x86.Build.0 = Release|x86
		{9B1DE2C0-9E3F-4B87-AD94-AFD8322E3364}.Ad-Hoc|x86.Deploy.0 = Release|x86
		{9B1DE2C0-9E3F-4B87-AD94-AFD8322E3364}.AppStore|Any CPU.ActiveCfg = Release|x86
		{9B1DE2C0-9E3F-4B87-AD94-AFD8322E3364}.AppStore|Any CPU.Build.0 = Release|x86
		{9B1DE2C0-9E3F-4B87-AD94-AFD8322E3364}.AppStore|Any CPU.Deploy.0 = Release|x86
		{9B1DE2C0-9E3F-4B87-AD94-AFD8322E3364}.AppStore|ARM.ActiveCfg = Release|ARM
		{9B1DE2C0-9E3F-4B87-AD94-AFD8322E3364}.AppStore|ARM.Build.0 = Release|ARM
		{9B1DE2C0-9E3F-4B87-AD94-AFD8322E3364}.AppStore|ARM.Deploy.0 = Release|ARM
		{9B1DE2C0-9E3F-4B87-AD94-AFD8322E3364}.AppStore|iPhone.ActiveCfg = Release|x86
		{9B1DE2C0-9E3F-4B87-AD94-AFD8322E3364}.AppStore|iPhone.Build.0 = Release|x86
		{9B1DE2C0-9E3F-4B87-AD94-AFD8322E3364}.AppStore|iPhone.Deploy.0 = Release|x86
		{9B1DE2C0-9E3F-4B87-AD94-AFD8322E3364}.AppStore|iPhoneSimulator.ActiveCfg = Release|x86
		{9B1DE2C0-9E3F-4B87-AD94-AFD8322E3364}.AppStore|iPhoneSimulator.Build.0 = Release|x86
		{9B1DE2C0-9E3F-4B87-AD94-AFD8322E3364}.AppStore|iPhoneSimulator.Deploy.0 = Release|x86
		{9B1DE2C0-9E3F-4B87-AD94-AFD8322E3364}.AppStore|x64.ActiveCfg = Release|x64
		{9B1DE2C0-9E3F-4B87-AD94-AFD8322E3364}.AppStore|x64.Build.0 = Release|x64
		{9B1DE2C0-9E3F-4B87-AD94-AFD8322E3364}.AppStore|x64.Deploy.0 = Release|x64
		{9B1DE2C0-9E3F-4B87-AD94-AFD8322E3364}.AppStore|x86.ActiveCfg = Release|x86
		{9B1DE2C0-9E3F-4B87-AD94-AFD8322E3364}.AppStore|x86.Build.0 = Release|x86
		{9B1DE2C0-9E3F-4B87-AD94-AFD8322E3364}.AppStore|x86.Deploy.0 = Release|x86
		{9B1DE2C0-9E3F-4B87-AD94-AFD8322E3364}.Debug|Any CPU.ActiveCfg = Debug|x86
		{9B1DE2C0-9E3F-4B87-AD94-AFD8322E3364}.Debug|ARM.ActiveCfg = Debug|ARM
		{9B1DE2C0-9E3F-4B87-AD94-AFD8322E3364}.Debug|ARM.Build.0 = Debug|ARM
		{9B1DE2C0-9E3F-4B87-AD94-AFD8322E3364}.Debug|ARM.Deploy.0 = Debug|ARM
		{9B1DE2C0-9E3F-4B87-AD94-AFD8322E3364}.Debug|iPhone.ActiveCfg = Debug|x86
		{9B1DE2C0-9E3F-4B87-AD94-AFD8322E3364}.Debug|iPhoneSimulator.ActiveCfg = Debug|x86
		{9B1DE2C0-9E3F-4B87-AD94-AFD8322E3364}.Debug|x64.ActiveCfg = Debug|x64
		{9B1DE2C0-9E3F-4B87-AD94-AFD8322E3364}.Debug|x64.Build.0 = Debug|x64
		{9B1DE2C0-9E3F-4B87-AD94-AFD8322E3364}.Debug|x64.Deploy.0 = Debug|x64
		{9B1DE2C0-9E3F-4B87-AD94-AFD8322E3364}.Debug|x86.ActiveCfg = Debug|x86
		{9B1DE2C0-9E3F-4B87-AD94-AFD8322E3364}.Debug|x86.Build.0 = Debug|x86
		{9B1DE2C0-9E3F-4B87-AD94-AFD8322E3364}.Debug|x86.Deploy.0 = Debug|x86
		{9B1DE2C0-9E3F-4B87-AD94-AFD8322E3364}.Release|Any CPU.ActiveCfg = Release|x86
		{9B1DE2C0-9E3F-4B87-AD94-AFD8322E3364}.Release|ARM.ActiveCfg = Release|ARM
		{9B1DE2C0-9E3F-4B87-AD94-AFD8322E3364}.Release|ARM.Build.0 = Release|ARM
		{9B1DE2C0-9E3F-4B87-AD94-AFD8322E3364}.Release|ARM.Deploy.0 = Release|ARM
		{9B1DE2C0-9E3F-4B87-AD94-AFD8322E3364}.Release|iPhone.ActiveCfg = Release|x86
		{9B1DE2C0-9E3F-4B87-AD94-AFD8322E3364}.Release|iPhoneSimulator.ActiveCfg = Release|x86
		{9B1DE2C0-9E3F-4B87-AD94-AFD8322E3364}.Release|x64.ActiveCfg = Release|x64
		{9B1DE2C0-9E3F-4B87-AD94-AFD8322E3364}.Release|x64.Build.0 = Release|x64
		{9B1DE2C0-9E3F-4B87-AD94-AFD8322E3364}.Release|x64.Deploy.0 = Release|x64
		{9B1DE2C0-9E3F-4B87-AD94-AFD8322E3364}.Release|x86.ActiveCfg = Release|x86
		{9B1DE2C0-9E3F-4B87-AD94-AFD8322E3364}.Release|x86.Build.0 = Release|x86
		{9B1DE2C0-9E3F-4B87-AD94-AFD8322E3364}.Release|x86.Deploy.0 = Release|x86
	EndGlobalSection
	GlobalSection(SolutionProperties) = preSolution
		HideSolutionNode = FALSE
	EndGlobalSection
	GlobalSection(ExtensibilityGlobals) = postSolution
		SolutionGuid = {157825F6-691F-4A03-A3D0-A4A60107F08F}
	EndGlobalSection
EndGlobal
